
Microsoft Visual Studio Solution File, Format Version 12.00
# Visual Studio Version 16
VisualStudioVersion = 16.0.33927.289
MinimumVisualStudioVersion = 10.0.40219.1
Project("{FAE04EC0-301F-11D3-BF4B-00C04F79EFBC}") = "GiuaKy", "GiuaKy\GiuaKy.csproj", "{A3868079-2A9C-409B-8733-637BEAE73C0E}"
EndProject
Global
	GlobalSection(SolutionConfigurationPlatforms) = preSolution
		Debug|Any CPU = Debug|Any CPU
		Release|Any CPU = Release|Any CPU
	EndGlobalSection
	GlobalSection(ProjectConfigurationPlatforms) = postSolution
		{A3868079-2A9C-409B-8733-637BEAE73C0E}.Debug|Any CPU.ActiveCfg = Debug|Any CPU
		{A3868079-2A9C-409B-8733-637BEAE73C0E}.Debug|Any CPU.Build.0 = Debug|Any CPU
		{A3868079-2A9C-409B-8733-637BEAE73C0E}.Release|Any CPU.ActiveCfg = Release|Any CPU
		{A3868079-2A9C-409B-8733-637BEAE73C0E}.Release|Any CPU.Build.0 = Release|Any CPU
	EndGlobalSection
	GlobalSection(SolutionProperties) = preSolution
		HideSolutionNode = FALSE
	EndGlobalSection
	GlobalSection(ExtensibilityGlobals) = postSolution
		SolutionGuid = {F8C88DFF-7DE1-4DA0-8558-3DBB9C25B1EA}
	EndGlobalSection
EndGlobal
